
Microsoft Visual Studio Solution File, Format Version 12.00
# Visual Studio Version 16
VisualStudioVersion = 16.0.31729.503
MinimumVisualStudioVersion = 10.0.40219.1
Project("{FAE04EC0-301F-11D3-BF4B-00C04F79EFBC}") = "Test", "Test\Test.csproj", "{6924A759-C547-4504-8493-C6A2F928B3AD}"
EndProject
Project("{FAE04EC0-301F-11D3-BF4B-00C04F79EFBC}") = "WebExamplegot", "WebExamplegot\WebExamplegot.csproj", "{95EC77EF-D674-44FA-9A5C-FF982AA2BEEE}"
EndProject
Global
	GlobalSection(SolutionConfigurationPlatforms) = preSolution
		Debug|Any CPU = Debug|Any CPU
		Release|Any CPU = Release|Any CPU
	EndGlobalSection
	GlobalSection(ProjectConfigurationPlatforms) = postSolution
		{6924A759-C547-4504-8493-C6A2F928B3AD}.Debug|Any CPU.ActiveCfg = Debug|Any CPU
		{6924A759-C547-4504-8493-C6A2F928B3AD}.Debug|Any CPU.Build.0 = Debug|Any CPU
		{6924A759-C547-4504-8493-C6A2F928B3AD}.Release|Any CPU.ActiveCfg = Release|Any CPU
		{6924A759-C547-4504-8493-C6A2F928B3AD}.Release|Any CPU.Build.0 = Release|Any CPU
		{95EC77EF-D674-44FA-9A5C-FF982AA2BEEE}.Debug|Any CPU.ActiveCfg = Debug|Any CPU
		{95EC77EF-D674-44FA-9A5C-FF982AA2BEEE}.Debug|Any CPU.Build.0 = Debug|Any CPU
		{95EC77EF-D674-44FA-9A5C-FF982AA2BEEE}.Release|Any CPU.ActiveCfg = Release|Any CPU
		{95EC77EF-D674-44FA-9A5C-FF982AA2BEEE}.Release|Any CPU.Build.0 = Release|Any CPU
	EndGlobalSection
	GlobalSection(SolutionProperties) = preSolution
		HideSolutionNode = FALSE
	EndGlobalSection
	GlobalSection(ExtensibilityGlobals) = postSolution
		SolutionGuid = {5FCA33D1-A43A-4030-86C6-B53D55CC48FC}
	EndGlobalSection
EndGlobal
